Microsoft Visual Studio Solution File, Format Version 12.00
# Visual Studio Version 17
VisualStudioVersion = 17.5.2.0
MinimumVisualStudioVersion = 10.0.40219.1
Project("{FAE04EC0-301F-11D3-BF4B-00C04F79EFBC}") = "MyWindowsFormsApp", "MyWindowsFormsApp\MyWindowsFormsApp.csproj", "{29913E4B-E980-EF0D-11CB-AB9F8FBE9F14}"
EndProject
Global
	GlobalSection(SolutionConfigurationPlatforms) = preSolution
		Debug|Any CPU = Debug|Any CPU
		Release|Any CPU = Release|Any CPU
	EndGlobalSection
	GlobalSection(ProjectConfigurationPlatforms) = postSolution
		{29913E4B-E980-EF0D-11CB-AB9F8FBE9F14}.Debug|Any CPU.ActiveCfg = Debug|Any CPU
		{29913E4B-E980-EF0D-11CB-AB9F8FBE9F14}.Debug|Any CPU.Build.0 = Debug|Any CPU
		{29913E4B-E980-EF0D-11CB-AB9F8FBE9F14}.Release|Any CPU.ActiveCfg = Release|Any CPU
		{29913E4B-E980-EF0D-11CB-AB9F8FBE9F14}.Release|Any CPU.Build.0 = Release|Any CPU
	EndGlobalSection
	GlobalSection(SolutionProperties) = preSolution
		HideSolutionNode = FALSE
	EndGlobalSection
	GlobalSection(ExtensibilityGlobals) = postSolution
		SolutionGuid = {0BFC9E76-C6B8-4DA2-AAD2-53D98D42B3B4}
	EndGlobalSection
EndGlobal
